
Microsoft Visual Studio Solution File, Format Version 12.00
# Visual Studio 15
VisualStudioVersion = 15.0.26124.0
MinimumVisualStudioVersion = 15.0.26124.0
Project("{FAE04EC0-301F-11D3-BF4B-00C04F79EFBC}") = "NSelene", "NSelene\NSelene.csproj", "{643535D8-7276-4888-A2DB-02125198302A}"
EndProject
Project("{FAE04EC0-301F-11D3-BF4B-00C04F79EFBC}") = "NSeleneTests", "NSeleneTests\NSeleneTests.csproj", "{DC713443-6E7A-4657-9654-F3779AB30A5C}"
EndProject
Global
	GlobalSection(SolutionConfigurationPlatforms) = preSolution
		Debug|Any CPU = Debug|Any CPU
		Debug|x64 = Debug|x64
		Debug|x86 = Debug|x86
		Release|Any CPU = Release|Any CPU
		Release|x64 = Release|x64
		Release|x86 = Release|x86
	EndGlobalSection
	GlobalSection(SolutionProperties) = preSolution
		HideSolutionNode = FALSE
	EndGlobalSection
	GlobalSection(ProjectConfigurationPlatforms) = postSolution
		{643535D8-7276-4888-A2DB-02125198302A}.Debug|Any CPU.ActiveCfg = Debug|Any CPU
		{643535D8-7276-4888-A2DB-02125198302A}.Debug|Any CPU.Build.0 = Debug|Any CPU
		{643535D8-7276-4888-A2DB-02125198302A}.Debug|x64.ActiveCfg = Debug|Any CPU
		{643535D8-7276-4888-A2DB-02125198302A}.Debug|x64.Build.0 = Debug|Any CPU
		{643535D8-7276-4888-A2DB-02125198302A}.Debug|x86.ActiveCfg = Debug|Any CPU
		{643535D8-7276-4888-A2DB-02125198302A}.Debug|x86.Build.0 = Debug|Any CPU
		{643535D8-7276-4888-A2DB-02125198302A}.Release|Any CPU.ActiveCfg = Release|Any CPU
		{643535D8-7276-4888-A2DB-02125198302A}.Release|Any CPU.Build.0 = Release|Any CPU
		{643535D8-7276-4888-A2DB-02125198302A}.Release|x64.ActiveCfg = Release|Any CPU
		{643535D8-7276-4888-A2DB-02125198302A}.Release|x64.Build.0 = Release|Any CPU
		{643535D8-7276-4888-A2DB-02125198302A}.Release|x86.ActiveCfg = Release|Any CPU
		{643535D8-7276-4888-A2DB-02125198302A}.Release|x86.Build.0 = Release|Any CPU
		{DC713443-6E7A-4657-9654-F3779AB30A5C}.Debug|Any CPU.ActiveCfg = Debug|Any CPU
		{DC713443-6E7A-4657-9654-F3779AB30A5C}.Debug|Any CPU.Build.0 = Debug|Any CPU
		{DC713443-6E7A-4657-9654-F3779AB30A5C}.Debug|x64.ActiveCfg = Debug|Any CPU
		{DC713443-6E7A-4657-9654-F3779AB30A5C}.Debug|x64.Build.0 = Debug|Any CPU
		{DC713443-6E7A-4657-9654-F3779AB30A5C}.Debug|x86.ActiveCfg = Debug|Any CPU
		{DC713443-6E7A-4657-9654-F3779AB30A5C}.Debug|x86.Build.0 = Debug|Any CPU
		{DC713443-6E7A-4657-9654-F3779AB30A5C}.Release|Any CPU.ActiveCfg = Release|Any CPU
		{DC713443-6E7A-4657-9654-F3779AB30A5C}.Release|Any CPU.Build.0 = Release|Any CPU
		{DC713443-6E7A-4657-9654-F3779AB30A5C}.Release|x64.ActiveCfg = Release|Any CPU
		{DC713443-6E7A-4657-9654-F3779AB30A5C}.Release|x64.Build.0 = Release|Any CPU
		{DC713443-6E7A-4657-9654-F3779AB30A5C}.Release|x86.ActiveCfg = Release|Any CPU
		{DC713443-6E7A-4657-9654-F3779AB30A5C}.Release|x86.Build.0 = Release|Any CPU
	EndGlobalSection
EndGlobal
